// !$*UTF8*$!
{
	archiveVersion = 1;
	classes = {
	};
	objectVersion = 56;
	objects = {

/* Begin PBXBuildFile section */
		8522CC102CF6724900527CA7 /* notesApp.swift in Sources */ = {isa = PBXBuildFile; fileRef = 8522CC0F2CF6724900527CA7 /* notesApp.swift */; };
		8522CC122CF6724900527CA7 /* ContentView.swift in Sources */ = {isa = PBXBuildFile; fileRef = 8522CC112CF6724900527CA7 /* ContentView.swift */; };
		8522CC142CF6724B00527CA7 /* Assets.xcassets in Resources */ = {isa = PBXBuildFile; fileRef = 8522CC132CF6724B00527CA7 /* Assets.xcassets */; };
		8522CC172CF6724B00527CA7 /* Preview Assets.xcassets in Resources */ = {isa = PBXBuildFile; fileRef = 8522CC162CF6724B00527CA7 /* Preview Assets.xcassets */; };
		8522CC232CF78E5000527CA7 /* NotesViewModel.swift in Sources */ = {isa = PBXBuildFile; fileRef = 8522CC222CF78E5000527CA7 /* NotesViewModel.swift */; };
		8522CC252CF78E7000527CA7 /* HomeView.swift in Sources */ = {isa = PBXBuildFile; fileRef = 8522CC242CF78E7000527CA7 /* HomeView.swift */; };
		8522CC272CF78E9B00527CA7 /* AddNoteView.swift in Sources */ = {isa = PBXBuildFile; fileRef = 8522CC262CF78E9B00527CA7 /* AddNoteView.swift */; };
		8522CC292CF78EC300527CA7 /* NoteDetailView.swift in Sources */ = {isa = PBXBuildFile; fileRef = 8522CC282CF78EC300527CA7 /* NoteDetailView.swift */; };
		8522CC2B2CF794C300527CA7 /* CanvasView.swift in Sources */ = {isa = PBXBuildFile; fileRef = 8522CC2A2CF794C300527CA7 /* CanvasView.swift */; };
		8522CC2D2CF7968C00527CA7 /* Model.swift in Sources */ = {isa = PBXBuildFile; fileRef = 8522CC2C2CF7968C00527CA7 /* Model.swift */; };
		85A13E652D008088007B3A87 /* AddNoteCheck.swift in Sources */ = {isa = PBXBuildFile; fileRef = 85A13E642D008088007B3A87 /* AddNoteCheck.swift */; };
		85A13E672D0080A3007B3A87 /* AddNoteDibujo.swift in Sources */ = {isa = PBXBuildFile; fileRef = 85A13E662D0080A3007B3A87 /* AddNoteDibujo.swift */; };
/* End PBXBuildFile section */

/* Begin PBXFileReference section */
		8522CC0C2CF6724900527CA7 /* notes.app */ = {isa = PBXFileReference; explicitFileType = wrapper.application; includeInIndex = 0; path = notes.app; sourceTree = BUILT_PRODUCTS_DIR; };
		8522CC0F2CF6724900527CA7 /* notesApp.swift */ = {isa = PBXFileReference; lastKnownFileType = sourcecode.swift; path = notesApp.swift; sourceTree = "<group>"; };
		8522CC112CF6724900527CA7 /* ContentView.swift */ = {isa = PBXFileReference; lastKnownFileType = sourcecode.swift; path = ContentView.swift; sourceTree = "<group>"; };
		8522CC132CF6724B00527CA7 /* Assets.xcassets */ = {isa = PBXFileReference; lastKnownFileType = folder.assetcatalog; path = Assets.xcassets; sourceTree = "<group>"; };
		8522CC162CF6724B00527CA7 /* Preview Assets.xcassets */ = {isa = PBXFileReference; lastKnownFileType = folder.assetcatalog; path = "Preview Assets.xcassets"; sourceTree = "<group>"; };
		8522CC222CF78E5000527CA7 /* NotesViewModel.swift */ = {isa = PBXFileReference; lastKnownFileType = sourcecode.swift; path = NotesViewModel.swift; sourceTree = "<group>"; };
		8522CC242CF78E7000527CA7 /* HomeView.swift */ = {isa = PBXFileReference; lastKnownFileType = sourcecode.swift; path = HomeView.swift; sourceTree = "<group>"; };
		8522CC262CF78E9B00527CA7 /* AddNoteView.swift */ = {isa = PBXFileReference; lastKnownFileType = sourcecode.swift; path = AddNoteView.swift; sourceTree = "<group>"; };
		8522CC282CF78EC300527CA7 /* NoteDetailView.swift */ = {isa = PBXFileReference; lastKnownFileType = sourcecode.swift; path = NoteDetailView.swift; sourceTree = "<group>"; };
		8522CC2A2CF794C300527CA7 /* CanvasView.swift */ = {isa = PBXFileReference; lastKnownFileType = sourcecode.swift; path = CanvasView.swift; sourceTree = "<group>"; };
		8522CC2C2CF7968C00527CA7 /* Model.swift */ = {isa = PBXFileReference; lastKnownFileType = sourcecode.swift; path = Model.swift; sourceTree = "<group>"; };
		85A13E642D008088007B3A87 /* AddNoteCheck.swift */ = {isa = PBXFileReference; lastKnownFileType = sourcecode.swift; path = AddNoteCheck.swift; sourceTree = "<group>"; };
		85A13E662D0080A3007B3A87 /* AddNoteDibujo.swift */ = {isa = PBXFileReference; lastKnownFileType = sourcecode.swift; path = AddNoteDibujo.swift; sourceTree = "<group>"; };
/* End PBXFileReference section */

/* Begin PBXFrameworksBuildPhase section */
		8522CC092CF6724900527CA7 /* Frameworks */ = {
			isa = PBXFrameworksBuildPhase;
			buildActionMask = 2147483647;
			files = (
			);
			runOnlyForDeploymentPostprocessing = 0;
		};
/* End PBXFrameworksBuildPhase section */

/* Begin PBXGroup section */
		8522CC032CF6724900527CA7 = {
			isa = PBXGroup;
			children = (
				8522CC0E2CF6724900527CA7 /* notes */,
				8522CC0D2CF6724900527CA7 /* Products */,
			);
			sourceTree = "<group>";
		};
		8522CC0D2CF6724900527CA7 /* Products */ = {
			isa = PBXGroup;
			children = (
				8522CC0C2CF6724900527CA7 /* notes.app */,
			);
			name = Products;
			sourceTree = "<group>";
		};
		8522CC0E2CF6724900527CA7 /* notes */ = {
			isa = PBXGroup;
			children = (
				8522CC2C2CF7968C00527CA7 /* Model.swift */,
				8522CC212CF78E2A00527CA7 /* ViewModel */,
				8522CC202CF78E0B00527CA7 /* View */,
				8522CC0F2CF6724900527CA7 /* notesApp.swift */,
				8522CC112CF6724900527CA7 /* ContentView.swift */,
				8522CC132CF6724B00527CA7 /* Assets.xcassets */,
				8522CC152CF6724B00527CA7 /* Preview Content */,
			);
			path = notes;
			sourceTree = "<group>";
		};
		8522CC152CF6724B00527CA7 /* Preview Content */ = {
			isa = PBXGroup;
			children = (
				8522CC162CF6724B00527CA7 /* Preview Assets.xcassets */,
			);
			path = "Preview Content";
			sourceTree = "<group>";
		};
		8522CC202CF78E0B00527CA7 /* View */ = {
			isa = PBXGroup;
			children = (
				8522CC242CF78E7000527CA7 /* HomeView.swift */,
				8522CC262CF78E9B00527CA7 /* AddNoteView.swift */,
				8522CC282CF78EC300527CA7 /* NoteDetailView.swift */,
				8522CC2A2CF794C300527CA7 /* CanvasView.swift */,
				85A13E642D008088007B3A87 /* AddNoteCheck.swift */,
				85A13E662D0080A3007B3A87 /* AddNoteDibujo.swift */,
			);
			path = View;
			sourceTree = "<group>";
		};
		8522CC212CF78E2A00527CA7 /* ViewModel */ = {
			isa = PBXGroup;
			children = (
				8522CC222CF78E5000527CA7 /* NotesViewModel.swift */,
			);
			path = ViewModel;
			sourceTree = "<group>";
		};
/* End PBXGroup section */

/* Begin PBXNativeTarget section */
		8522CC0B2CF6724900527CA7 /* notes */ = {
			isa = PBXNativeTarget;
			buildConfigurationList = 8522CC1A2CF6724B00527CA7 /* Build configuration list for PBXNativeTarget "notes" */;
			buildPhases = (
				8522CC082CF6724900527CA7 /* Sources */,
				8522CC092CF6724900527CA7 /* Frameworks */,
				8522CC0A2CF6724900527CA7 /* Resources */,
			);
			buildRules = (
			);
			dependencies = (
			);
			name = notes;
			productName = paint;
			productReference = 8522CC0C2CF6724900527CA7 /* notes.app */;
			productType = "com.apple.product-type.application";
		};
/* End PBXNativeTarget section */

/* Begin PBXProject section */
		8522CC042CF6724900527CA7 /* Project object */ = {
			isa = PBXProject;
			attributes = {
				BuildIndependentTargetsInParallel = 1;
				LastSwiftUpdateCheck = 1410;
				LastUpgradeCheck = 1410;
				TargetAttributes = {
					8522CC0B2CF6724900527CA7 = {
						CreatedOnToolsVersion = 14.1;
					};
				};
			};
			buildConfigurationList = 8522CC072CF6724900527CA7 /* Build configuration list for PBXProject "notes" */;
			compatibilityVersion = "Xcode 14.0";
			developmentRegion = en;
			hasScannedForEncodings = 0;
			knownRegions = (
				en,
				Base,
			);
			mainGroup = 8522CC032CF6724900527CA7;
			productRefGroup = 8522CC0D2CF6724900527CA7 /* Products */;
			projectDirPath = "";
			projectRoot = "";
			targets = (
				8522CC0B2CF6724900527CA7 /* notes */,
			);
		};
/* End PBXProject section */

/* Begin PBXResourcesBuildPhase section */
		8522CC0A2CF6724900527CA7 /* Resources */ = {
			isa = PBXResourcesBuildPhase;
			buildActionMask = 2147483647;
			files = (
				8522CC172CF6724B00527CA7 /* Preview Assets.xcassets in Resources */,
				8522CC142CF6724B00527CA7 /* Assets.xcassets in Resources */,
			);
			runOnlyForDeploymentPostprocessing = 0;
		};
/* End PBXResourcesBuildPhase section */

/* Begin PBXSourcesBuildPhase section */
		8522CC082CF6724900527CA7 /* Sources */ = {
			isa = PBXSourcesBuildPhase;
			buildActionMask = 2147483647;
			files = (
				8522CC272CF78E9B00527CA7 /* AddNoteView.swift in Sources */,
				8522CC232CF78E5000527CA7 /* NotesViewModel.swift in Sources */,
				85A13E672D0080A3007B3A87 /* AddNoteDibujo.swift in Sources */,
				85A13E652D008088007B3A87 /* AddNoteCheck.swift in Sources */,
				8522CC2B2CF794C300527CA7 /* CanvasView.swift in Sources */,
				8522CC122CF6724900527CA7 /* ContentView.swift in Sources */,
				8522CC252CF78E7000527CA7 /* HomeView.swift in Sources */,
				8522CC102CF6724900527CA7 /* notesApp.swift in Sources */,
				8522CC292CF78EC300527CA7 /* NoteDetailView.swift in Sources */,
				8522CC2D2CF7968C00527CA7 /* Model.swift in Sources */,
			);
			runOnlyForDeploymentPostprocessing = 0;
		};
/* End PBXSourcesBuildPhase section */

/* Begin XCBuildConfiguration section */
		8522CC182CF6724B00527CA7 /* Debug */ = {
			isa = XCBuildConfiguration;
			buildSettings = {
				ALWAYS_SEARCH_USER_PATHS = NO;
				CLANG_ANALYZER_NONNULL = YES;
				CLANG_ANALYZER_NUMBER_OBJECT_CONVERSION = YES_AGGRESSIVE;
				CLANG_CXX_LANGUAGE_STANDARD = "gnu++20";
				CLANG_ENABLE_MODULES = YES;
				CLANG_ENABLE_OBJC_ARC = YES;
				CLANG_ENABLE_OBJC_WEAK = YES;
				CLANG_WARN_BLOCK_CAPTURE_AUTORELEASING = YES;
				CLANG_WARN_BOOL_CONVERSION = YES;
				CLANG_WARN_COMMA = YES;
				CLANG_WARN_CONSTANT_CONVERSION = YES;
				CLANG_WARN_DEPRECATED_OBJC_IMPLEMENTATIONS = YES;
				CLANG_WARN_DIRECT_OBJC_ISA_USAGE = YES_ERROR;
				CLANG_WARN_DOCUMENTATION_COMMENTS = YES;
				CLANG_WARN_EMPTY_BODY = YES;
				CLANG_WARN_ENUM_CONVERSION = YES;
				CLANG_WARN_INFINITE_RECURSION = YES;
				CLANG_WARN_INT_CONVERSION = YES;
				CLANG_WARN_NON_LITERAL_NULL_CONVERSION = YES;
				CLANG_WARN_OBJC_IMPLICIT_RETAIN_SELF = YES;
				CLANG_WARN_OBJC_LITERAL_CONVERSION = YES;
				CLANG_WARN_OBJC_ROOT_CLASS = YES_ERROR;
				CLANG_WARN_QUOTED_INCLUDE_IN_FRAMEWORK_HEADER = YES;
				CLANG_WARN_RANGE_LOOP_ANALYSIS = YES;
				CLANG_WARN_STRICT_PROTOTYPES = YES;
				CLANG_WARN_SUSPICIOUS_MOVE = YES;
				CLANG_WARN_UNGUARDED_AVAILABILITY = YES_AGGRESSIVE;
				CLANG_WARN_UNREACHABLE_CODE = YES;
				CLANG_WARN__DUPLICATE_METHOD_MATCH = YES;
				COPY_PHASE_STRIP = NO;
				DEBUG_INFORMATION_FORMAT = dwarf;
				ENABLE_STRICT_OBJC_MSGSEND = YES;
				ENABLE_TESTABILITY = YES;
				GCC_C_LANGUAGE_STANDARD = gnu11;
				GCC_DYNAMIC_NO_PIC = NO;
				GCC_NO_COMMON_BLOCKS = YES;
				GCC_OPTIMIZATION_LEVEL = 0;
				GCC_PREPROCESSOR_DEFINITIONS = (
					"DEBUG=1",
					"$(inherited)",
				);
				GCC_WARN_64_TO_32_BIT_CONVERSION = YES;
				GCC_WARN_ABOUT_RETURN_TYPE = YES_ERROR;
				GCC_WARN_UNDECLARED_SELECTOR = YES;
				GCC_WARN_UNINITIALIZED_AUTOS = YES_AGGRESSIVE;
				GCC_WARN_UNUSED_FUNCTION = YES;
				GCC_WARN_UNUSED_VARIABLE = YES;
				IPHONEOS_DEPLOYMENT_TARGET = 16.1;
				MTL_ENABLE_DEBUG_INFO = INCLUDE_SOURCE;
				MTL_FAST_MATH = YES;
				ONLY_ACTIVE_ARCH = YES;
				SDKROOT = iphoneos;
				SWIFT_ACTIVE_COMPILATION_CONDITIONS = DEBUG;
				SWIFT_OPTIMIZATION_LEVEL = "-Onone";
			};
			name = Debug;
		};
		8522CC192CF6724B00527CA7 /* Release */ = {
			isa = XCBuildConfiguration;
			buildSettings = {
				ALWAYS_SEARCH_USER_PATHS = NO;
				CLANG_ANALYZER_NONNULL = YES;
				CLANG_ANALYZER_NUMBER_OBJECT_CONVERSION = YES_AGGRESSIVE;
				CLANG_CXX_LANGUAGE_STANDARD = "gnu++20";
				CLANG_ENABLE_MODULES = YES;
				CLANG_ENABLE_OBJC_ARC = YES;
				CLANG_ENABLE_OBJC_WEAK = YES;
				CLANG_WARN_BLOCK_CAPTURE_AUTORELEASING = YES;
				CLANG_WARN_BOOL_CONVERSION = YES;
				CLANG_WARN_COMMA = YES;
				CLANG_WARN_CONSTANT_CONVERSION = YES;
				CLANG_WARN_DEPRECATED_OBJC_IMPLEMENTATIONS = YES;
				CLANG_WARN_DIRECT_OBJC_ISA_USAGE = YES_ERROR;
				CLANG_WARN_DOCUMENTATION_COMMENTS = YES;
				CLANG_WARN_EMPTY_BODY = YES;
				CLANG_WARN_ENUM_CONVERSION = YES;
				CLANG_WARN_INFINITE_RECURSION = YES;
				CLANG_WARN_INT_CONVERSION = YES;
				CLANG_WARN_NON_LITERAL_NULL_CONVERSION = YES;
				CLANG_WARN_OBJC_IMPLICIT_RETAIN_SELF = YES;
				CLANG_WARN_OBJC_LITERAL_CONVERSION = YES;
				CLANG_WARN_OBJC_ROOT_CLASS = YES_ERROR;
				CLANG_WARN_QUOTED_INCLUDE_IN_FRAMEWORK_HEADER = YES;
				CLANG_WARN_RANGE_LOOP_ANALYSIS = YES;
				CLANG_WARN_STRICT_PROTOTYPES = YES;
				CLANG_WARN_SUSPICIOUS_MOVE = YES;
				CLANG_WARN_UNGUARDED_AVAILABILITY = YES_AGGRESSIVE;
				CLANG_WARN_UNREACHABLE_CODE = YES;
				CLANG_WARN__DUPLICATE_METHOD_MATCH = YES;
				COPY_PHASE_STRIP = NO;
				DEBUG_INFORMATION_FORMAT = "dwarf-with-dsym";
				ENABLE_NS_ASSERTIONS = NO;
				ENABLE_STRICT_OBJC_MSGSEND = YES;
				GCC_C_LANGUAGE_STANDARD = gnu11;
				GCC_NO_COMMON_BLOCKS = YES;
				GCC_WARN_64_TO_32_BIT_CONVERSION = YES;
				GCC_WARN_ABOUT_RETURN_TYPE = YES_ERROR;
				GCC_WARN_UNDECLARED_SELECTOR = YES;
				GCC_WARN_UNINITIALIZED_AUTOS = YES_AGGRESSIVE;
				GCC_WARN_UNUSED_FUNCTION = YES;
				GCC_WARN_UNUSED_VARIABLE = YES;
				IPHONEOS_DEPLOYMENT_TARGET = 16.1;
				MTL_ENABLE_DEBUG_INFO = NO;
				MTL_FAST_MATH = YES;
				SDKROOT = iphoneos;
				SWIFT_COMPILATION_MODE = wholemodule;
				SWIFT_OPTIMIZATION_LEVEL = "-O";
				VALIDATE_PRODUCT = YES;
			};
			name = Release;
		};
		8522CC1B2CF6724B00527CA7 /* Debug */ = {
			isa = XCBuildConfiguration;
			buildSettings = {
				ASSETCATALOG_COMPILER_APPICON_NAME = AppIcon;
				ASSETCATALOG_COMPILER_GLOBAL_ACCENT_COLOR_NAME = AccentColor;
				CODE_SIGN_STYLE = Automatic;
				CURRENT_PROJECT_VERSION = 1;
				DEVELOPMENT_ASSET_PATHS = "\"notes/Preview Content\"";
				ENABLE_PREVIEWS = YES;
				GENERATE_INFOPLIST_FILE = YES;
				INFOPLIST_KEY_UIApplicationSceneManifest_Generation = YES;
				INFOPLIST_KEY_UIApplicationSupportsIndirectInputEvents = YES;
				INFOPLIST_KEY_UILaunchScreen_Generation = YES;
				INFOPLIST_KEY_UISupportedInterfaceOrientations_iPad = "UIInterfaceOrientationPortrait UIInterfaceOrientationPortraitUpsideDown UIInterfaceOrientationLandscapeLeft UIInterfaceOrientationLandscapeRight";
				INFOPLIST_KEY_UISupportedInterfaceOrientations_iPhone = "UIInterfaceOrientationPortrait UIInterfaceOrientationLandscapeLeft UIInterfaceOrientationLandscapeRight";
				LD_RUNPATH_SEARCH_PATHS = (
					"$(inherited)",
					"@executable_path/Frameworks",
				);
				MARKETING_VERSION = 1.0;
				PRODUCT_BUNDLE_IDENTIFIER = b.notes;
				PRODUCT_NAME = "$(TARGET_NAME)";
				SWIFT_EMIT_LOC_STRINGS = YES;
				SWIFT_VERSION = 5.0;
				TARGETED_DEVICE_FAMILY = "1,2";
			};
			name = Debug;
		};
		8522CC1C2CF6724B00527CA7 /* Release */ = {
			isa = XCBuildConfiguration;
			buildSettings = {
				ASSETCATALOG_COMPILER_APPICON_NAME = AppIcon;
				ASSETCATALOG_COMPILER_GLOBAL_ACCENT_COLOR_NAME = AccentColor;
				CODE_SIGN_STYLE = Automatic;
				CURRENT_PROJECT_VERSION = 1;
				DEVELOPMENT_ASSET_PATHS = "\"notes/Preview Content\"";
				ENABLE_PREVIEWS = YES;
				GENERATE_INFOPLIST_FILE = YES;
				INFOPLIST_KEY_UIApplicationSceneManifest_Generation = YES;
				INFOPLIST_KEY_UIApplicationSupportsIndirectInputEvents = YES;
				INFOPLIST_KEY_UILaunchScreen_Generation = YES;
				INFOPLIST_KEY_UISupportedInterfaceOrientations_iPad = "UIInterfaceOrientationPortrait UIInterfaceOrientationPortraitUpsideDown UIInterfaceOrientationLandscapeLeft UIInterfaceOrientationLandscapeRight";
				INFOPLIST_KEY_UISupportedInterfaceOrientations_iPhone = "UIInterfaceOrientationPortrait UIInterfaceOrientationLandscapeLeft UIInterfaceOrientationLandscapeRight";
				LD_RUNPATH_SEARCH_PATHS = (
					"$(inherited)",
					"@executable_path/Frameworks",
				);
				MARKETING_VERSION = 1.0;
				PRODUCT_BUNDLE_IDENTIFIER = b.notes;
				PRODUCT_NAME = "$(TARGET_NAME)";
				SWIFT_EMIT_LOC_STRINGS = YES;
				SWIFT_VERSION = 5.0;
				TARGETED_DEVICE_FAMILY = "1,2";
			};
			name = Release;
		};
/* End XCBuildConfiguration section */

/* Begin XCConfigurationList section */
		8522CC072CF6724900527CA7 /* Build configuration list for PBXProject "notes" */ = {
			isa = XCConfigurationList;
			buildConfigurations = (
				8522CC182CF6724B00527CA7 /* Debug */,
				8522CC192CF6724B00527CA7 /* Release */,
			);
			defaultConfigurationIsVisible = 0;
			defaultConfigurationName = Release;
		};
		8522CC1A2CF6724B00527CA7 /* Build configuration list for PBXNativeTarget "notes" */ = {
			isa = XCConfigurationList;
			buildConfigurations = (
				8522CC1B2CF6724B00527CA7 /* Debug */,
				8522CC1C2CF6724B00527CA7 /* Release */,
			);
			defaultConfigurationIsVisible = 0;
			defaultConfigurationName = Release;
		};
/* End XCConfigurationList section */
	};
	rootObject = 8522CC042CF6724900527CA7 /* Project object */;
}
